
Microsoft Visual Studio Solution File, Format Version 12.00
# Visual Studio Version 17
VisualStudioVersion = 17.0.31903.59
MinimumVisualStudioVersion = 10.0.40219.1
Project("{2150E333-8FDC-42A3-9474-1A3956D46DE8}") = "src", "src", "{EC199CF0-AC70-4F9D-8B30-A31FF83536F6}"
EndProject
Project("{FAE04EC0-301F-11D3-BF4B-00C04F79EFBC}") = "Milliygramm.Api", "src\Milliygramm.Api\Milliygramm.Api.csproj", "{9F68AD7A-FE80-4CAB-B3D4-E79A0906FB54}"
EndProject
Project("{FAE04EC0-301F-11D3-BF4B-00C04F79EFBC}") = "Milliygramm.Web", "src\Milliygramm.Web\Milliygramm.Web.csproj", "{4393D5DF-7CBC-4350-83DD-4BB376EA3FC1}"
EndProject
Project("{FAE04EC0-301F-11D3-BF4B-00C04F79EFBC}") = "Milliygramm.Data", "src\Milliygramm.Data\Milliygramm.Data.csproj", "{C7FDFE90-AC63-44EE-8D71-37D526F0F212}"
EndProject
Project("{FAE04EC0-301F-11D3-BF4B-00C04F79EFBC}") = "Milliygramm.Domain", "src\Milliygramm.Domain\Milliygramm.Domain.csproj", "{5B110DB2-F80F-48AD-80AA-35AE6E7A7516}"
EndProject
Project("{FAE04EC0-301F-11D3-BF4B-00C04F79EFBC}") = "Milliygramm.Model", "src\Milliygramm.Model\Milliygramm.Model.csproj", "{755F48BA-B317-4D9A-86B5-055B1D879AB2}"
EndProject
Project("{FAE04EC0-301F-11D3-BF4B-00C04F79EFBC}") = "Milliygramm.Service", "src\Milliygramm.Service\Milliygramm.Service.csproj", "{061DF7ED-3748-4B85-BC21-F9492FBD152D}"
EndProject
Global
	GlobalSection(SolutionConfigurationPlatforms) = preSolution
		Debug|Any CPU = Debug|Any CPU
		Release|Any CPU = Release|Any CPU
	EndGlobalSection
	GlobalSection(ProjectConfigurationPlatforms) = postSolution
		{9F68AD7A-FE80-4CAB-B3D4-E79A0906FB54}.Debug|Any CPU.ActiveCfg = Debug|Any CPU
		{9F68AD7A-FE80-4CAB-B3D4-E79A0906FB54}.Debug|Any CPU.Build.0 = Debug|Any CPU
		{9F68AD7A-FE80-4CAB-B3D4-E79A0906FB54}.Release|Any CPU.ActiveCfg = Release|Any CPU
		{9F68AD7A-FE80-4CAB-B3D4-E79A0906FB54}.Release|Any CPU.Build.0 = Release|Any CPU
		{4393D5DF-7CBC-4350-83DD-4BB376EA3FC1}.Debug|Any CPU.ActiveCfg = Debug|Any CPU
		{4393D5DF-7CBC-4350-83DD-4BB376EA3FC1}.Debug|Any CPU.Build.0 = Debug|Any CPU
		{4393D5DF-7CBC-4350-83DD-4BB376EA3FC1}.Release|Any CPU.ActiveCfg = Release|Any CPU
		{4393D5DF-7CBC-4350-83DD-4BB376EA3FC1}.Release|Any CPU.Build.0 = Release|Any CPU
		{C7FDFE90-AC63-44EE-8D71-37D526F0F212}.Debug|Any CPU.ActiveCfg = Debug|Any CPU
		{C7FDFE90-AC63-44EE-8D71-37D526F0F212}.Debug|Any CPU.Build.0 = Debug|Any CPU
		{C7FDFE90-AC63-44EE-8D71-37D526F0F212}.Release|Any CPU.ActiveCfg = Release|Any CPU
		{C7FDFE90-AC63-44EE-8D71-37D526F0F212}.Release|Any CPU.Build.0 = Release|Any CPU
		{5B110DB2-F80F-48AD-80AA-35AE6E7A7516}.Debug|Any CPU.ActiveCfg = Debug|Any CPU
		{5B110DB2-F80F-48AD-80AA-35AE6E7A7516}.Debug|Any CPU.Build.0 = Debug|Any CPU
		{5B110DB2-F80F-48AD-80AA-35AE6E7A7516}.Release|Any CPU.ActiveCfg = Release|Any CPU
		{5B110DB2-F80F-48AD-80AA-35AE6E7A7516}.Release|Any CPU.Build.0 = Release|Any CPU
		{755F48BA-B317-4D9A-86B5-055B1D879AB2}.Debug|Any CPU.ActiveCfg = Debug|Any CPU
		{755F48BA-B317-4D9A-86B5-055B1D879AB2}.Debug|Any CPU.Build.0 = Debug|Any CPU
		{755F48BA-B317-4D9A-86B5-055B1D879AB2}.Release|Any CPU.ActiveCfg = Release|Any CPU
		{755F48BA-B317-4D9A-86B5-055B1D879AB2}.Release|Any CPU.Build.0 = Release|Any CPU
		{061DF7ED-3748-4B85-BC21-F9492FBD152D}.Debug|Any CPU.ActiveCfg = Debug|Any CPU
		{061DF7ED-3748-4B85-BC21-F9492FBD152D}.Debug|Any CPU.Build.0 = Debug|Any CPU
		{061DF7ED-3748-4B85-BC21-F9492FBD152D}.Release|Any CPU.ActiveCfg = Release|Any CPU
		{061DF7ED-3748-4B85-BC21-F9492FBD152D}.Release|Any CPU.Build.0 = Release|Any CPU
	EndGlobalSection
	GlobalSection(SolutionProperties) = preSolution
		HideSolutionNode = FALSE
	EndGlobalSection
	GlobalSection(NestedProjects) = preSolution
		{9F68AD7A-FE80-4CAB-B3D4-E79A0906FB54} = {EC199CF0-AC70-4F9D-8B30-A31FF83536F6}
		{4393D5DF-7CBC-4350-83DD-4BB376EA3FC1} = {EC199CF0-AC70-4F9D-8B30-A31FF83536F6}
		{C7FDFE90-AC63-44EE-8D71-37D526F0F212} = {EC199CF0-AC70-4F9D-8B30-A31FF83536F6}
		{5B110DB2-F80F-48AD-80AA-35AE6E7A7516} = {EC199CF0-AC70-4F9D-8B30-A31FF83536F6}
		{755F48BA-B317-4D9A-86B5-055B1D879AB2} = {EC199CF0-AC70-4F9D-8B30-A31FF83536F6}
		{061DF7ED-3748-4B85-BC21-F9492FBD152D} = {EC199CF0-AC70-4F9D-8B30-A31FF83536F6}
	EndGlobalSection
EndGlobal
